
Microsoft Visual Studio Solution File, Format Version 11.00
# Visual Studio 2010
Project("{FAE04EC0-301F-11D3-BF4B-00C04F79EFBC}") = "gitRepository", "Assembly-CSharp-firstpass.csproj", "{B253C69A-349A-D1A7-5222-EF343971ADDF}"
EndProject
Project("{FAE04EC0-301F-11D3-BF4B-00C04F79EFBC}") = "gitRepository", "Assembly-CSharp.csproj", "{FE3E573C-08CF-514D-E97D-9264AD50EF27}"
EndProject
Project("{FAE04EC0-301F-11D3-BF4B-00C04F79EFBC}") = "gitRepository", "Assembly-CSharp-Editor-firstpass.csproj", "{AF60FE0D-F8E5-2776-1529-90371ECDCC9E}"
EndProject
Project("{FAE04EC0-301F-11D3-BF4B-00C04F79EFBC}") = "gitRepository", "Assembly-CSharp-Editor.csproj", "{5690F46E-CBE7-8FA5-884E-0C253A993E69}"
EndProject
Global
	GlobalSection(SolutionConfigurationPlatforms) = preSolution
		Debug|Any CPU = Debug|Any CPU
		Release|Any CPU = Release|Any CPU
	EndGlobalSection
	GlobalSection(ProjectConfigurationPlatforms) = postSolution
		{B253C69A-349A-D1A7-5222-EF343971ADDF}.Debug|Any CPU.ActiveCfg = Debug|Any CPU
		{B253C69A-349A-D1A7-5222-EF343971ADDF}.Debug|Any CPU.Build.0 = Debug|Any CPU
		{B253C69A-349A-D1A7-5222-EF343971ADDF}.Release|Any CPU.ActiveCfg = Release|Any CPU
		{B253C69A-349A-D1A7-5222-EF343971ADDF}.Release|Any CPU.Build.0 = Release|Any CPU
		{FE3E573C-08CF-514D-E97D-9264AD50EF27}.Debug|Any CPU.ActiveCfg = Debug|Any CPU
		{FE3E573C-08CF-514D-E97D-9264AD50EF27}.Debug|Any CPU.Build.0 = Debug|Any CPU
		{FE3E573C-08CF-514D-E97D-9264AD50EF27}.Release|Any CPU.ActiveCfg = Release|Any CPU
		{FE3E573C-08CF-514D-E97D-9264AD50EF27}.Release|Any CPU.Build.0 = Release|Any CPU
		{AF60FE0D-F8E5-2776-1529-90371ECDCC9E}.Debug|Any CPU.ActiveCfg = Debug|Any CPU
		{AF60FE0D-F8E5-2776-1529-90371ECDCC9E}.Debug|Any CPU.Build.0 = Debug|Any CPU
		{AF60FE0D-F8E5-2776-1529-90371ECDCC9E}.Release|Any CPU.ActiveCfg = Release|Any CPU
		{AF60FE0D-F8E5-2776-1529-90371ECDCC9E}.Release|Any CPU.Build.0 = Release|Any CPU
		{5690F46E-CBE7-8FA5-884E-0C253A993E69}.Debug|Any CPU.ActiveCfg = Debug|Any CPU
		{5690F46E-CBE7-8FA5-884E-0C253A993E69}.Debug|Any CPU.Build.0 = Debug|Any CPU
		{5690F46E-CBE7-8FA5-884E-0C253A993E69}.Release|Any CPU.ActiveCfg = Release|Any CPU
		{5690F46E-CBE7-8FA5-884E-0C253A993E69}.Release|Any CPU.Build.0 = Release|Any CPU
	EndGlobalSection
	GlobalSection(SolutionProperties) = preSolution
		HideSolutionNode = FALSE
	EndGlobalSection
	GlobalSection(MonoDevelopProperties) = preSolution
		StartupItem = Assembly-CSharp.csproj
	EndGlobalSection
EndGlobal
